// !$*UTF8*$!
{
	archiveVersion = 1;
	classes = {
	};
	objectVersion = 55;
	objects = {

/* Begin PBXBuildFile section */
		B845A70427E3D039001775DC /* AppDelegate.swift in Sources */ = {isa = PBXBuildFile; fileRef = B845A70327E3D039001775DC /* AppDelegate.swift */; };
		B845A70627E3D039001775DC /* SceneDelegate.swift in Sources */ = {isa = PBXBuildFile; fileRef = B845A70527E3D039001775DC /* SceneDelegate.swift */; };
		B845A70827E3D039001775DC /* ViewController.swift in Sources */ = {isa = PBXBuildFile; fileRef = B845A70727E3D039001775DC /* ViewController.swift */; };
		B845A70B27E3D039001775DC /* Main.storyboard in Resources */ = {isa = PBXBuildFile; fileRef = B845A70927E3D039001775DC /* Main.storyboard */; };
		B845A70E27E3D039001775DC /* PetJiji.xcdatamodeld in Sources */ = {isa = PBXBuildFile; fileRef = B845A70C27E3D039001775DC /* PetJiji.xcdatamodeld */; };
		B845A71027E3D03B001775DC /* Assets.xcassets in Resources */ = {isa = PBXBuildFile; fileRef = B845A70F27E3D03B001775DC /* Assets.xcassets */; };
		B845A71327E3D03B001775DC /* LaunchScreen.storyboard in Resources */ = {isa = PBXBuildFile; fileRef = B845A71127E3D03B001775DC /* LaunchScreen.storyboard */; };
		B8624B7F28018F2E00A751C6 /* Pet.swift in Sources */ = {isa = PBXBuildFile; fileRef = B8624B7E28018F2E00A751C6 /* Pet.swift */; };
		B879073027E938660005C66A /* FAQ.swift in Sources */ = {isa = PBXBuildFile; fileRef = B879072F27E938660005C66A /* FAQ.swift */; };
		B879073227E9389A0005C66A /* Personality.swift in Sources */ = {isa = PBXBuildFile; fileRef = B879073127E9389A0005C66A /* Personality.swift */; };
		B879073427E938C50005C66A /* Question.swift in Sources */ = {isa = PBXBuildFile; fileRef = B879073327E938C50005C66A /* Question.swift */; };
		B879073627E9390E0005C66A /* Settings.swift in Sources */ = {isa = PBXBuildFile; fileRef = B879073527E9390E0005C66A /* Settings.swift */; };
		B879073827E93B120005C66A /* MainMenu.swift in Sources */ = {isa = PBXBuildFile; fileRef = B879073727E93B120005C66A /* MainMenu.swift */; };
/* End PBXBuildFile section */

/* Begin PBXFileReference section */
		B845A70027E3D039001775DC /* PetJiji.app */ = {isa = PBXFileReference; explicitFileType = wrapper.application; includeInIndex = 0; path = PetJiji.app; sourceTree = BUILT_PRODUCTS_DIR; };
		B845A70327E3D039001775DC /* AppDelegate.swift */ = {isa = PBXFileReference; lastKnownFileType = sourcecode.swift; path = AppDelegate.swift; sourceTree = "<group>"; };
		B845A70527E3D039001775DC /* SceneDelegate.swift */ = {isa = PBXFileReference; lastKnownFileType = sourcecode.swift; path = SceneDelegate.swift; sourceTree = "<group>"; };
		B845A70727E3D039001775DC /* ViewController.swift */ = {isa = PBXFileReference; lastKnownFileType = sourcecode.swift; path = ViewController.swift; sourceTree = "<group>"; };
		B845A70A27E3D039001775DC /* Base */ = {isa = PBXFileReference; lastKnownFileType = file.storyboard; name = Base; path = Base.lproj/Main.storyboard; sourceTree = "<group>"; };
		B845A70D27E3D039001775DC /* PetJiji.xcdatamodel */ = {isa = PBXFileReference; lastKnownFileType = wrapper.xcdatamodel; path = PetJiji.xcdatamodel; sourceTree = "<group>"; };
		B845A70F27E3D03B001775DC /* Assets.xcassets */ = {isa = PBXFileReference; lastKnownFileType = folder.assetcatalog; path = Assets.xcassets; sourceTree = "<group>"; };
		B845A71227E3D03B001775DC /* Base */ = {isa = PBXFileReference; lastKnownFileType = file.storyboard; name = Base; path = Base.lproj/LaunchScreen.storyboard; sourceTree = "<group>"; };
		B845A71427E3D03B001775DC /* Info.plist */ = {isa = PBXFileReference; lastKnownFileType = text.plist.xml; path = Info.plist; sourceTree = "<group>"; };
		B8624B7E28018F2E00A751C6 /* Pet.swift */ = {isa = PBXFileReference; lastKnownFileType = sourcecode.swift; path = Pet.swift; sourceTree = "<group>"; };
		B879072F27E938660005C66A /* FAQ.swift */ = {isa = PBXFileReference; lastKnownFileType = sourcecode.swift; path = FAQ.swift; sourceTree = "<group>"; };
		B879073127E9389A0005C66A /* Personality.swift */ = {isa = PBXFileReference; lastKnownFileType = sourcecode.swift; path = Personality.swift; sourceTree = "<group>"; };
		B879073327E938C50005C66A /* Question.swift */ = {isa = PBXFileReference; lastKnownFileType = sourcecode.swift; path = Question.swift; sourceTree = "<group>"; };
		B879073527E9390E0005C66A /* Settings.swift */ = {isa = PBXFileReference; lastKnownFileType = sourcecode.swift; path = Settings.swift; sourceTree = "<group>"; };
		B879073727E93B120005C66A /* MainMenu.swift */ = {isa = PBXFileReference; lastKnownFileType = sourcecode.swift; path = MainMenu.swift; sourceTree = "<group>"; };
/* End PBXFileReference section */

/* Begin PBXFrameworksBuildPhase section */
		B845A6FD27E3D039001775DC /* Frameworks */ = {
			isa = PBXFrameworksBuildPhase;
			buildActionMask = 2147483647;
			files = (
			);
			runOnlyForDeploymentPostprocessing = 0;
		};
/* End PBXFrameworksBuildPhase section */

/* Begin PBXGroup section */
		B845A6F727E3D039001775DC = {
			isa = PBXGroup;
			children = (
				B845A70227E3D039001775DC /* PetJiji */,
				B845A70127E3D039001775DC /* Products */,
			);
			sourceTree = "<group>";
		};
		B845A70127E3D039001775DC /* Products */ = {
			isa = PBXGroup;
			children = (
				B845A70027E3D039001775DC /* PetJiji.app */,
			);
			name = Products;
			sourceTree = "<group>";
		};
		B845A70227E3D039001775DC /* PetJiji */ = {
			isa = PBXGroup;
			children = (
				B8624B7D28018F2000A751C6 /* Model */,
				B845A70327E3D039001775DC /* AppDelegate.swift */,
				B845A70527E3D039001775DC /* SceneDelegate.swift */,
				B845A70727E3D039001775DC /* ViewController.swift */,
				B845A70927E3D039001775DC /* Main.storyboard */,
				B845A70F27E3D03B001775DC /* Assets.xcassets */,
				B845A71127E3D03B001775DC /* LaunchScreen.storyboard */,
				B845A71427E3D03B001775DC /* Info.plist */,
				B845A70C27E3D039001775DC /* PetJiji.xcdatamodeld */,
				B879072F27E938660005C66A /* FAQ.swift */,
				B879073127E9389A0005C66A /* Personality.swift */,
				B879073327E938C50005C66A /* Question.swift */,
				B879073527E9390E0005C66A /* Settings.swift */,
				B879073727E93B120005C66A /* MainMenu.swift */,
			);
			path = PetJiji;
			sourceTree = "<group>";
		};
		B8624B7D28018F2000A751C6 /* Model */ = {
			isa = PBXGroup;
			children = (
				B8624B7E28018F2E00A751C6 /* Pet.swift */,
			);
			path = Model;
			sourceTree = "<group>";
		};
/* End PBXGroup section */

/* Begin PBXNativeTarget section */
		B845A6FF27E3D039001775DC /* PetJiji */ = {
			isa = PBXNativeTarget;
			buildConfigurationList = B845A71727E3D03B001775DC /* Build configuration list for PBXNativeTarget "PetJiji" */;
			buildPhases = (
				B845A6FC27E3D039001775DC /* Sources */,
				B845A6FD27E3D039001775DC /* Frameworks */,
				B845A6FE27E3D039001775DC /* Resources */,
			);
			buildRules = (
			);
			dependencies = (
			);
			name = PetJiji;
			productName = PetJiji;
			productReference = B845A70027E3D039001775DC /* PetJiji.app */;
			productType = "com.apple.product-type.application";
		};
/* End PBXNativeTarget section */

/* Begin PBXProject section */
		B845A6F827E3D039001775DC /* Project object */ = {
			isa = PBXProject;
			attributes = {
				BuildIndependentTargetsInParallel = 1;
				LastSwiftUpdateCheck = 1320;
				LastUpgradeCheck = 1320;
				TargetAttributes = {
					B845A6FF27E3D039001775DC = {
						CreatedOnToolsVersion = 13.2.1;
					};
				};
			};
			buildConfigurationList = B845A6FB27E3D039001775DC /* Build configuration list for PBXProject "PetJiji" */;
			compatibilityVersion = "Xcode 13.0";
			developmentRegion = en;
			hasScannedForEncodings = 0;
			knownRegions = (
				en,
				Base,
			);
			mainGroup = B845A6F727E3D039001775DC;
			productRefGroup = B845A70127E3D039001775DC /* Products */;
			projectDirPath = "";
			projectRoot = "";
			targets = (
				B845A6FF27E3D039001775DC /* PetJiji */,
			);
		};
/* End PBXProject section */

/* Begin PBXResourcesBuildPhase section */
		B845A6FE27E3D039001775DC /* Resources */ = {
			isa = PBXResourcesBuildPhase;
			buildActionMask = 2147483647;
			files = (
				B845A71327E3D03B001775DC /* LaunchScreen.storyboard in Resources */,
				B845A71027E3D03B001775DC /* Assets.xcassets in Resources */,
				B845A70B27E3D039001775DC /* Main.storyboard in Resources */,
			);
			runOnlyForDeploymentPostprocessing = 0;
		};
/* End PBXResourcesBuildPhase section */

/* Begin PBXSourcesBuildPhase section */
		B845A6FC27E3D039001775DC /* Sources */ = {
			isa = PBXSourcesBuildPhase;
			buildActionMask = 2147483647;
			files = (
				B845A70827E3D039001775DC /* ViewController.swift in Sources */,
				B879073827E93B120005C66A /* MainMenu.swift in Sources */,
				B845A70427E3D039001775DC /* AppDelegate.swift in Sources */,
				B879073627E9390E0005C66A /* Settings.swift in Sources */,
				B845A70627E3D039001775DC /* SceneDelegate.swift in Sources */,
				B8624B7F28018F2E00A751C6 /* Pet.swift in Sources */,
				B879073027E938660005C66A /* FAQ.swift in Sources */,
				B879073227E9389A0005C66A /* Personality.swift in Sources */,
				B879073427E938C50005C66A /* Question.swift in Sources */,
				B845A70E27E3D039001775DC /* PetJiji.xcdatamodeld in Sources */,
			);
			runOnlyForDeploymentPostprocessing = 0;
		};
/* End PBXSourcesBuildPhase section */

/* Begin PBXVariantGroup section */
		B845A70927E3D039001775DC /* Main.storyboard */ = {
			isa = PBXVariantGroup;
			children = (
				B845A70A27E3D039001775DC /* Base */,
			);
			name = Main.storyboard;
			sourceTree = "<group>";
		};
		B845A71127E3D03B001775DC /* LaunchScreen.storyboard */ = {
			isa = PBXVariantGroup;
			children = (
				B845A71227E3D03B001775DC /* Base */,
			);
			name = LaunchScreen.storyboard;
			sourceTree = "<group>";
		};
/* End PBXVariantGroup section */

/* Begin XCBuildConfiguration section */
		B845A71527E3D03B001775DC /* Debug */ = {
			isa = XCBuildConfiguration;
			buildSettings = {
				ALWAYS_SEARCH_USER_PATHS = NO;
				CLANG_ANALYZER_NONNULL = YES;
				CLANG_ANALYZER_NUMBER_OBJECT_CONVERSION = YES_AGGRESSIVE;
				CLANG_CXX_LANGUAGE_STANDARD = "gnu++17";
				CLANG_CXX_LIBRARY = "libc++";
				CLANG_ENABLE_MODULES = YES;
				CLANG_ENABLE_OBJC_ARC = YES;
				CLANG_ENABLE_OBJC_WEAK = YES;
				CLANG_WARN_BLOCK_CAPTURE_AUTORELEASING = YES;
				CLANG_WARN_BOOL_CONVERSION = YES;
				CLANG_WARN_COMMA = YES;
				CLANG_WARN_CONSTANT_CONVERSION = YES;
				CLANG_WARN_DEPRECATED_OBJC_IMPLEMENTATIONS = YES;
				CLANG_WARN_DIRECT_OBJC_ISA_USAGE = YES_ERROR;
				CLANG_WARN_DOCUMENTATION_COMMENTS = YES;
				CLANG_WARN_EMPTY_BODY = YES;
				CLANG_WARN_ENUM_CONVERSION = YES;
				CLANG_WARN_INFINITE_RECURSION = YES;
				CLANG_WARN_INT_CONVERSION = YES;
				CLANG_WARN_NON_LITERAL_NULL_CONVERSION = YES;
				CLANG_WARN_OBJC_IMPLICIT_RETAIN_SELF = YES;
				CLANG_WARN_OBJC_LITERAL_CONVERSION = YES;
				CLANG_WARN_OBJC_ROOT_CLASS = YES_ERROR;
				CLANG_WARN_QUOTED_INCLUDE_IN_FRAMEWORK_HEADER = YES;
				CLANG_WARN_RANGE_LOOP_ANALYSIS = YES;
				CLANG_WARN_STRICT_PROTOTYPES = YES;
				CLANG_WARN_SUSPICIOUS_MOVE = YES;
				CLANG_WARN_UNGUARDED_AVAILABILITY = YES_AGGRESSIVE;
				CLANG_WARN_UNREACHABLE_CODE = YES;
				CLANG_WARN__DUPLICATE_METHOD_MATCH = YES;
				COPY_PHASE_STRIP = NO;
				DEBUG_INFORMATION_FORMAT = dwarf;
				ENABLE_STRICT_OBJC_MSGSEND = YES;
				ENABLE_TESTABILITY = YES;
				GCC_C_LANGUAGE_STANDARD = gnu11;
				GCC_DYNAMIC_NO_PIC = NO;
				GCC_NO_COMMON_BLOCKS = YES;
				GCC_OPTIMIZATION_LEVEL = 0;
				GCC_PREPROCESSOR_DEFINITIONS = (
					"DEBUG=1",
					"$(inherited)",
				);
				GCC_WARN_64_TO_32_BIT_CONVERSION = YES;
				GCC_WARN_ABOUT_RETURN_TYPE = YES_ERROR;
				GCC_WARN_UNDECLARED_SELECTOR = YES;
				GCC_WARN_UNINITIALIZED_AUTOS = YES_AGGRESSIVE;
				GCC_WARN_UNUSED_FUNCTION = YES;
				GCC_WARN_UNUSED_VARIABLE = YES;
				IPHONEOS_DEPLOYMENT_TARGET = 15.2;
				MTL_ENABLE_DEBUG_INFO = INCLUDE_SOURCE;
				MTL_FAST_MATH = YES;
				ONLY_ACTIVE_ARCH = YES;
				SDKROOT = iphoneos;
				SWIFT_ACTIVE_COMPILATION_CONDITIONS = DEBUG;
				SWIFT_OPTIMIZATION_LEVEL = "-Onone";
			};
			name = Debug;
		};
		B845A71627E3D03B001775DC /* Release */ = {
			isa = XCBuildConfiguration;
			buildSettings = {
				ALWAYS_SEARCH_USER_PATHS = NO;
				CLANG_ANALYZER_NONNULL = YES;
				CLANG_ANALYZER_NUMBER_OBJECT_CONVERSION = YES_AGGRESSIVE;
				CLANG_CXX_LANGUAGE_STANDARD = "gnu++17";
				CLANG_CXX_LIBRARY = "libc++";
				CLANG_ENABLE_MODULES = YES;
				CLANG_ENABLE_OBJC_ARC = YES;
				CLANG_ENABLE_OBJC_WEAK = YES;
				CLANG_WARN_BLOCK_CAPTURE_AUTORELEASING = YES;
				CLANG_WARN_BOOL_CONVERSION = YES;
				CLANG_WARN_COMMA = YES;
				CLANG_WARN_CONSTANT_CONVERSION = YES;
				CLANG_WARN_DEPRECATED_OBJC_IMPLEMENTATIONS = YES;
				CLANG_WARN_DIRECT_OBJC_ISA_USAGE = YES_ERROR;
				CLANG_WARN_DOCUMENTATION_COMMENTS = YES;
				CLANG_WARN_EMPTY_BODY = YES;
				CLANG_WARN_ENUM_CONVERSION = YES;
				CLANG_WARN_INFINITE_RECURSION = YES;
				CLANG_WARN_INT_CONVERSION = YES;
				CLANG_WARN_NON_LITERAL_NULL_CONVERSION = YES;
				CLANG_WARN_OBJC_IMPLICIT_RETAIN_SELF = YES;
				CLANG_WARN_OBJC_LITERAL_CONVERSION = YES;
				CLANG_WARN_OBJC_ROOT_CLASS = YES_ERROR;
				CLANG_WARN_QUOTED_INCLUDE_IN_FRAMEWORK_HEADER = YES;
				CLANG_WARN_RANGE_LOOP_ANALYSIS = YES;
				CLANG_WARN_STRICT_PROTOTYPES = YES;
				CLANG_WARN_SUSPICIOUS_MOVE = YES;
				CLANG_WARN_UNGUARDED_AVAILABILITY = YES_AGGRESSIVE;
				CLANG_WARN_UNREACHABLE_CODE = YES;
				CLANG_WARN__DUPLICATE_METHOD_MATCH = YES;
				COPY_PHASE_STRIP = NO;
				DEBUG_INFORMATION_FORMAT = "dwarf-with-dsym";
				ENABLE_NS_ASSERTIONS = NO;
				ENABLE_STRICT_OBJC_MSGSEND = YES;
				GCC_C_LANGUAGE_STANDARD = gnu11;
				GCC_NO_COMMON_BLOCKS = YES;
				GCC_WARN_64_TO_32_BIT_CONVERSION = YES;
				GCC_WARN_ABOUT_RETURN_TYPE = YES_ERROR;
				GCC_WARN_UNDECLARED_SELECTOR = YES;
				GCC_WARN_UNINITIALIZED_AUTOS = YES_AGGRESSIVE;
				GCC_WARN_UNUSED_FUNCTION = YES;
				GCC_WARN_UNUSED_VARIABLE = YES;
				IPHONEOS_DEPLOYMENT_TARGET = 15.2;
				MTL_ENABLE_DEBUG_INFO = NO;
				MTL_FAST_MATH = YES;
				SDKROOT = iphoneos;
				SWIFT_COMPILATION_MODE = wholemodule;
				SWIFT_OPTIMIZATION_LEVEL = "-O";
				VALIDATE_PRODUCT = YES;
			};
			name = Release;
		};
		B845A71827E3D03B001775DC /* Debug */ = {
			isa = XCBuildConfiguration;
			buildSettings = {
				ASSETCATALOG_COMPILER_APPICON_NAME = AppIcon;
				ASSETCATALOG_COMPILER_GLOBAL_ACCENT_COLOR_NAME = AccentColor;
				CODE_SIGN_STYLE = Automatic;
				CURRENT_PROJECT_VERSION = 1;
				GENERATE_INFOPLIST_FILE = YES;
				INFOPLIST_FILE = PetJiji/Info.plist;
				INFOPLIST_KEY_UIApplicationSupportsIndirectInputEvents = YES;
				INFOPLIST_KEY_UILaunchStoryboardName = LaunchScreen;
				INFOPLIST_KEY_UIMainStoryboardFile = Main;
				INFOPLIST_KEY_UISupportedInterfaceOrientations_iPad = "UIInterfaceOrientationPortrait UIInterfaceOrientationPortraitUpsideDown UIInterfaceOrientationLandscapeLeft UIInterfaceOrientationLandscapeRight";
				INFOPLIST_KEY_UISupportedInterfaceOrientations_iPhone = "UIInterfaceOrientationPortrait UIInterfaceOrientationLandscapeLeft UIInterfaceOrientationLandscapeRight";
				LD_RUNPATH_SEARCH_PATHS = (
					"$(inherited)",
					"@executable_path/Frameworks",
				);
				MARKETING_VERSION = 1.0;
				PRODUCT_BUNDLE_IDENTIFIER = com.example.PetJiji;
				PRODUCT_NAME = "$(TARGET_NAME)";
				SWIFT_EMIT_LOC_STRINGS = YES;
				SWIFT_VERSION = 5.0;
				TARGETED_DEVICE_FAMILY = "1,2";
			};
			name = Debug;
		};
		B845A71927E3D03B001775DC /* Release */ = {
			isa = XCBuildConfiguration;
			buildSettings = {
				ASSETCATALOG_COMPILER_APPICON_NAME = AppIcon;
				ASSETCATALOG_COMPILER_GLOBAL_ACCENT_COLOR_NAME = AccentColor;
				CODE_SIGN_STYLE = Automatic;
				CURRENT_PROJECT_VERSION = 1;
				GENERATE_INFOPLIST_FILE = YES;
				INFOPLIST_FILE = PetJiji/Info.plist;
				INFOPLIST_KEY_UIApplicationSupportsIndirectInputEvents = YES;
				INFOPLIST_KEY_UILaunchStoryboardName = LaunchScreen;
				INFOPLIST_KEY_UIMainStoryboardFile = Main;
				INFOPLIST_KEY_UISupportedInterfaceOrientations_iPad = "UIInterfaceOrientationPortrait UIInterfaceOrientationPortraitUpsideDown UIInterfaceOrientationLandscapeLeft UIInterfaceOrientationLandscapeRight";
				INFOPLIST_KEY_UISupportedInterfaceOrientations_iPhone = "UIInterfaceOrientationPortrait UIInterfaceOrientationLandscapeLeft UIInterfaceOrientationLandscapeRight";
				LD_RUNPATH_SEARCH_PATHS = (
					"$(inherited)",
					"@executable_path/Frameworks",
				);
				MARKETING_VERSION = 1.0;
				PRODUCT_BUNDLE_IDENTIFIER = com.example.PetJiji;
				PRODUCT_NAME = "$(TARGET_NAME)";
				SWIFT_EMIT_LOC_STRINGS = YES;
				SWIFT_VERSION = 5.0;
				TARGETED_DEVICE_FAMILY = "1,2";
			};
			name = Release;
		};
/* End XCBuildConfiguration section */

/* Begin XCConfigurationList section */
		B845A6FB27E3D039001775DC /* Build configuration list for PBXProject "PetJiji" */ = {
			isa = XCConfigurationList;
			buildConfigurations = (
				B845A71527E3D03B001775DC /* Debug */,
				B845A71627E3D03B001775DC /* Release */,
			);
			defaultConfigurationIsVisible = 0;
			defaultConfigurationName = Release;
		};
		B845A71727E3D03B001775DC /* Build configuration list for PBXNativeTarget "PetJiji" */ = {
			isa = XCConfigurationList;
			buildConfigurations = (
				B845A71827E3D03B001775DC /* Debug */,
				B845A71927E3D03B001775DC /* Release */,
			);
			defaultConfigurationIsVisible = 0;
			defaultConfigurationName = Release;
		};
/* End XCConfigurationList section */

/* Begin XCVersionGroup section */
		B845A70C27E3D039001775DC /* PetJiji.xcdatamodeld */ = {
			isa = XCVersionGroup;
			children = (
				B845A70D27E3D039001775DC /* PetJiji.xcdatamodel */,
			);
			currentVersion = B845A70D27E3D039001775DC /* PetJiji.xcdatamodel */;
			path = PetJiji.xcdatamodeld;
			sourceTree = "<group>";
			versionGroupType = wrapper.xcdatamodel;
		};
/* End XCVersionGroup section */
	};
	rootObject = B845A6F827E3D039001775DC /* Project object */;
}
